
Microsoft Visual Studio Solution File, Format Version 12.00
# Visual Studio Version 16
VisualStudioVersion = 16.0.34301.259
MinimumVisualStudioVersion = 10.0.40219.1
Project("{FAE04EC0-301F-11D3-BF4B-00C04F79EFBC}") = "Korail_T7", "ADOForm\Korail_T7.csproj", "{506BC621-C07A-4FC8-A6F5-11CF754B7B42}"
EndProject
Global
	GlobalSection(SolutionConfigurationPlatforms) = preSolution
		Debug|Any CPU = Debug|Any CPU
		Release|Any CPU = Release|Any CPU
	EndGlobalSection
	GlobalSection(ProjectConfigurationPlatforms) = postSolution
		{506BC621-C07A-4FC8-A6F5-11CF754B7B42}.Debug|Any CPU.ActiveCfg = Debug|Any CPU
		{506BC621-C07A-4FC8-A6F5-11CF754B7B42}.Debug|Any CPU.Build.0 = Debug|Any CPU
		{506BC621-C07A-4FC8-A6F5-11CF754B7B42}.Release|Any CPU.ActiveCfg = Release|Any CPU
		{506BC621-C07A-4FC8-A6F5-11CF754B7B42}.Release|Any CPU.Build.0 = Release|Any CPU
	EndGlobalSection
	GlobalSection(SolutionProperties) = preSolution
		HideSolutionNode = FALSE
	EndGlobalSection
	GlobalSection(ExtensibilityGlobals) = postSolution
		SolutionGuid = {896A6012-D874-4600-B59D-9394A73D198C}
	EndGlobalSection
EndGlobal
